// !$*UTF8*$!
{
	archiveVersion = 1;
	classes = {
	};
	objectVersion = 56;
	objects = {

/* Begin PBXBuildFile section */
		00CE79D82A5136B2009CA570 /* SquareUpApp.swift in Sources */ = {isa = PBXBuildFile; fileRef = 00CE79D72A5136B2009CA570 /* SquareUpApp.swift */; };
		00CE79DA2A5136B2009CA570 /* ContentView.swift in Sources */ = {isa = PBXBuildFile; fileRef = 00CE79D92A5136B2009CA570 /* ContentView.swift */; };
		00CE79DC2A5136B3009CA570 /* Assets.xcassets in Resources */ = {isa = PBXBuildFile; fileRef = 00CE79DB2A5136B3009CA570 /* Assets.xcassets */; };
		00CE79DF2A5136B3009CA570 /* Preview Assets.xcassets in Resources */ = {isa = PBXBuildFile; fileRef = 00CE79DE2A5136B3009CA570 /* Preview Assets.xcassets */; };
		00CE79E12A5136B3009CA570 /* Persistence.swift in Sources */ = {isa = PBXBuildFile; fileRef = 00CE79E02A5136B3009CA570 /* Persistence.swift */; };
		00CE79E42A5136B3009CA570 /* SquareUp.xcdatamodeld in Sources */ = {isa = PBXBuildFile; fileRef = 00CE79E22A5136B3009CA570 /* SquareUp.xcdatamodeld */; };
		00CE79EC2A51FC47009CA570 /* MeasurementGridCell.swift in Sources */ = {isa = PBXBuildFile; fileRef = 00CE79EB2A51FC47009CA570 /* MeasurementGridCell.swift */; };
		00CE79EE2A5201C6009CA570 /* AddMeasurementButton.swift in Sources */ = {isa = PBXBuildFile; fileRef = 00CE79ED2A5201C6009CA570 /* AddMeasurementButton.swift */; };
/* End PBXBuildFile section */

/* Begin PBXFileReference section */
		00CE79D42A5136B2009CA570 /* SquareUp.app */ = {isa = PBXFileReference; explicitFileType = wrapper.application; includeInIndex = 0; path = SquareUp.app; sourceTree = BUILT_PRODUCTS_DIR; };
		00CE79D72A5136B2009CA570 /* SquareUpApp.swift */ = {isa = PBXFileReference; lastKnownFileType = sourcecode.swift; path = SquareUpApp.swift; sourceTree = "<group>"; };
		00CE79D92A5136B2009CA570 /* ContentView.swift */ = {isa = PBXFileReference; lastKnownFileType = sourcecode.swift; path = ContentView.swift; sourceTree = "<group>"; };
		00CE79DB2A5136B3009CA570 /* Assets.xcassets */ = {isa = PBXFileReference; lastKnownFileType = folder.assetcatalog; path = Assets.xcassets; sourceTree = "<group>"; };
		00CE79DE2A5136B3009CA570 /* Preview Assets.xcassets */ = {isa = PBXFileReference; lastKnownFileType = folder.assetcatalog; path = "Preview Assets.xcassets"; sourceTree = "<group>"; };
		00CE79E02A5136B3009CA570 /* Persistence.swift */ = {isa = PBXFileReference; lastKnownFileType = sourcecode.swift; path = Persistence.swift; sourceTree = "<group>"; };
		00CE79E32A5136B3009CA570 /* SquareUp.xcdatamodel */ = {isa = PBXFileReference; lastKnownFileType = wrapper.xcdatamodel; path = SquareUp.xcdatamodel; sourceTree = "<group>"; };
		00CE79E52A5136B3009CA570 /* Info.plist */ = {isa = PBXFileReference; lastKnownFileType = text.plist.xml; path = Info.plist; sourceTree = "<group>"; };
		00CE79EB2A51FC47009CA570 /* MeasurementGridCell.swift */ = {isa = PBXFileReference; lastKnownFileType = sourcecode.swift; path = MeasurementGridCell.swift; sourceTree = "<group>"; };
		00CE79ED2A5201C6009CA570 /* AddMeasurementButton.swift */ = {isa = PBXFileReference; lastKnownFileType = sourcecode.swift; path = AddMeasurementButton.swift; sourceTree = "<group>"; };
/* End PBXFileReference section */

/* Begin PBXFrameworksBuildPhase section */
		00CE79D12A5136B2009CA570 /* Frameworks */ = {
			isa = PBXFrameworksBuildPhase;
			buildActionMask = 2147483647;
			files = (
			);
			runOnlyForDeploymentPostprocessing = 0;
		};
/* End PBXFrameworksBuildPhase section */

/* Begin PBXGroup section */
		00CE79CB2A5136B2009CA570 = {
			isa = PBXGroup;
			children = (
				00CE79D62A5136B2009CA570 /* SquareUp */,
				00CE79D52A5136B2009CA570 /* Products */,
			);
			sourceTree = "<group>";
		};
		00CE79D52A5136B2009CA570 /* Products */ = {
			isa = PBXGroup;
			children = (
				00CE79D42A5136B2009CA570 /* SquareUp.app */,
			);
			name = Products;
			sourceTree = "<group>";
		};
		00CE79D62A5136B2009CA570 /* SquareUp */ = {
			isa = PBXGroup;
			children = (
				00CE79D72A5136B2009CA570 /* SquareUpApp.swift */,
				00CE79D92A5136B2009CA570 /* ContentView.swift */,
				00CE79DB2A5136B3009CA570 /* Assets.xcassets */,
				00CE79E02A5136B3009CA570 /* Persistence.swift */,
				00CE79E52A5136B3009CA570 /* Info.plist */,
				00CE79E22A5136B3009CA570 /* SquareUp.xcdatamodeld */,
				00CE79DD2A5136B3009CA570 /* Preview Content */,
				00CE79EB2A51FC47009CA570 /* MeasurementGridCell.swift */,
				00CE79ED2A5201C6009CA570 /* AddMeasurementButton.swift */,
			);
			path = SquareUp;
			sourceTree = "<group>";
		};
		00CE79DD2A5136B3009CA570 /* Preview Content */ = {
			isa = PBXGroup;
			children = (
				00CE79DE2A5136B3009CA570 /* Preview Assets.xcassets */,
			);
			path = "Preview Content";
			sourceTree = "<group>";
		};
/* End PBXGroup section */

/* Begin PBXNativeTarget section */
		00CE79D32A5136B2009CA570 /* SquareUp */ = {
			isa = PBXNativeTarget;
			buildConfigurationList = 00CE79E82A5136B3009CA570 /* Build configuration list for PBXNativeTarget "SquareUp" */;
			buildPhases = (
				00CE79D02A5136B2009CA570 /* Sources */,
				00CE79D12A5136B2009CA570 /* Frameworks */,
				00CE79D22A5136B2009CA570 /* Resources */,
			);
			buildRules = (
			);
			dependencies = (
			);
			name = SquareUp;
			productName = SquareUp;
			productReference = 00CE79D42A5136B2009CA570 /* SquareUp.app */;
			productType = "com.apple.product-type.application";
		};
/* End PBXNativeTarget section */

/* Begin PBXProject section */
		00CE79CC2A5136B2009CA570 /* Project object */ = {
			isa = PBXProject;
			attributes = {
				BuildIndependentTargetsInParallel = 1;
				LastSwiftUpdateCheck = 1430;
				LastUpgradeCheck = 1430;
				TargetAttributes = {
					00CE79D32A5136B2009CA570 = {
						CreatedOnToolsVersion = 14.3.1;
					};
				};
			};
			buildConfigurationList = 00CE79CF2A5136B2009CA570 /* Build configuration list for PBXProject "SquareUp" */;
			compatibilityVersion = "Xcode 14.0";
			developmentRegion = en;
			hasScannedForEncodings = 0;
			knownRegions = (
				en,
				Base,
			);
			mainGroup = 00CE79CB2A5136B2009CA570;
			productRefGroup = 00CE79D52A5136B2009CA570 /* Products */;
			projectDirPath = "";
			projectRoot = "";
			targets = (
				00CE79D32A5136B2009CA570 /* SquareUp */,
			);
		};
/* End PBXProject section */

/* Begin PBXResourcesBuildPhase section */
		00CE79D22A5136B2009CA570 /* Resources */ = {
			isa = PBXResourcesBuildPhase;
			buildActionMask = 2147483647;
			files = (
				00CE79DF2A5136B3009CA570 /* Preview Assets.xcassets in Resources */,
				00CE79DC2A5136B3009CA570 /* Assets.xcassets in Resources */,
			);
			runOnlyForDeploymentPostprocessing = 0;
		};
/* End PBXResourcesBuildPhase section */

/* Begin PBXSourcesBuildPhase section */
		00CE79D02A5136B2009CA570 /* Sources */ = {
			isa = PBXSourcesBuildPhase;
			buildActionMask = 2147483647;
			files = (
				00CE79E12A5136B3009CA570 /* Persistence.swift in Sources */,
				00CE79DA2A5136B2009CA570 /* ContentView.swift in Sources */,
				00CE79EE2A5201C6009CA570 /* AddMeasurementButton.swift in Sources */,
				00CE79D82A5136B2009CA570 /* SquareUpApp.swift in Sources */,
				00CE79E42A5136B3009CA570 /* SquareUp.xcdatamodeld in Sources */,
				00CE79EC2A51FC47009CA570 /* MeasurementGridCell.swift in Sources */,
			);
			runOnlyForDeploymentPostprocessing = 0;
		};
/* End PBXSourcesBuildPhase section */

/* Begin XCBuildConfiguration section */
		00CE79E62A5136B3009CA570 /* Debug */ = {
			isa = XCBuildConfiguration;
			buildSettings = {
				ALWAYS_SEARCH_USER_PATHS = NO;
				CLANG_ANALYZER_NONNULL = YES;
				CLANG_ANALYZER_NUMBER_OBJECT_CONVERSION = YES_AGGRESSIVE;
				CLANG_CXX_LANGUAGE_STANDARD = "gnu++20";
				CLANG_ENABLE_MODULES = YES;
				CLANG_ENABLE_OBJC_ARC = YES;
				CLANG_ENABLE_OBJC_WEAK = YES;
				CLANG_WARN_BLOCK_CAPTURE_AUTORELEASING = YES;
				CLANG_WARN_BOOL_CONVERSION = YES;
				CLANG_WARN_COMMA = YES;
				CLANG_WARN_CONSTANT_CONVERSION = YES;
				CLANG_WARN_DEPRECATED_OBJC_IMPLEMENTATIONS = YES;
				CLANG_WARN_DIRECT_OBJC_ISA_USAGE = YES_ERROR;
				CLANG_WARN_DOCUMENTATION_COMMENTS = YES;
				CLANG_WARN_EMPTY_BODY = YES;
				CLANG_WARN_ENUM_CONVERSION = YES;
				CLANG_WARN_INFINITE_RECURSION = YES;
				CLANG_WARN_INT_CONVERSION = YES;
				CLANG_WARN_NON_LITERAL_NULL_CONVERSION = YES;
				CLANG_WARN_OBJC_IMPLICIT_RETAIN_SELF = YES;
				CLANG_WARN_OBJC_LITERAL_CONVERSION = YES;
				CLANG_WARN_OBJC_ROOT_CLASS = YES_ERROR;
				CLANG_WARN_QUOTED_INCLUDE_IN_FRAMEWORK_HEADER = YES;
				CLANG_WARN_RANGE_LOOP_ANALYSIS = YES;
				CLANG_WARN_STRICT_PROTOTYPES = YES;
				CLANG_WARN_SUSPICIOUS_MOVE = YES;
				CLANG_WARN_UNGUARDED_AVAILABILITY = YES_AGGRESSIVE;
				CLANG_WARN_UNREACHABLE_CODE = YES;
				CLANG_WARN__DUPLICATE_METHOD_MATCH = YES;
				COPY_PHASE_STRIP = NO;
				DEBUG_INFORMATION_FORMAT = dwarf;
				ENABLE_STRICT_OBJC_MSGSEND = YES;
				ENABLE_TESTABILITY = YES;
				GCC_C_LANGUAGE_STANDARD = gnu11;
				GCC_DYNAMIC_NO_PIC = NO;
				GCC_NO_COMMON_BLOCKS = YES;
				GCC_OPTIMIZATION_LEVEL = 0;
				GCC_PREPROCESSOR_DEFINITIONS = (
					"DEBUG=1",
					"$(inherited)",
				);
				GCC_WARN_64_TO_32_BIT_CONVERSION = YES;
				GCC_WARN_ABOUT_RETURN_TYPE = YES_ERROR;
				GCC_WARN_UNDECLARED_SELECTOR = YES;
				GCC_WARN_UNINITIALIZED_AUTOS = YES_AGGRESSIVE;
				GCC_WARN_UNUSED_FUNCTION = YES;
				GCC_WARN_UNUSED_VARIABLE = YES;
				IPHONEOS_DEPLOYMENT_TARGET = 16.4;
				MTL_ENABLE_DEBUG_INFO = INCLUDE_SOURCE;
				MTL_FAST_MATH = YES;
				ONLY_ACTIVE_ARCH = YES;
				SDKROOT = iphoneos;
				SWIFT_ACTIVE_COMPILATION_CONDITIONS = DEBUG;
				SWIFT_OPTIMIZATION_LEVEL = "-Onone";
			};
			name = Debug;
		};
		00CE79E72A5136B3009CA570 /* Release */ = {
			isa = XCBuildConfiguration;
			buildSettings = {
				ALWAYS_SEARCH_USER_PATHS = NO;
				CLANG_ANALYZER_NONNULL = YES;
				CLANG_ANALYZER_NUMBER_OBJECT_CONVERSION = YES_AGGRESSIVE;
				CLANG_CXX_LANGUAGE_STANDARD = "gnu++20";
				CLANG_ENABLE_MODULES = YES;
				CLANG_ENABLE_OBJC_ARC = YES;
				CLANG_ENABLE_OBJC_WEAK = YES;
				CLANG_WARN_BLOCK_CAPTURE_AUTORELEASING = YES;
				CLANG_WARN_BOOL_CONVERSION = YES;
				CLANG_WARN_COMMA = YES;
				CLANG_WARN_CONSTANT_CONVERSION = YES;
				CLANG_WARN_DEPRECATED_OBJC_IMPLEMENTATIONS = YES;
				CLANG_WARN_DIRECT_OBJC_ISA_USAGE = YES_ERROR;
				CLANG_WARN_DOCUMENTATION_COMMENTS = YES;
				CLANG_WARN_EMPTY_BODY = YES;
				CLANG_WARN_ENUM_CONVERSION = YES;
				CLANG_WARN_INFINITE_RECURSION = YES;
				CLANG_WARN_INT_CONVERSION = YES;
				CLANG_WARN_NON_LITERAL_NULL_CONVERSION = YES;
				CLANG_WARN_OBJC_IMPLICIT_RETAIN_SELF = YES;
				CLANG_WARN_OBJC_LITERAL_CONVERSION = YES;
				CLANG_WARN_OBJC_ROOT_CLASS = YES_ERROR;
				CLANG_WARN_QUOTED_INCLUDE_IN_FRAMEWORK_HEADER = YES;
				CLANG_WARN_RANGE_LOOP_ANALYSIS = YES;
				CLANG_WARN_STRICT_PROTOTYPES = YES;
				CLANG_WARN_SUSPICIOUS_MOVE = YES;
				CLANG_WARN_UNGUARDED_AVAILABILITY = YES_AGGRESSIVE;
				CLANG_WARN_UNREACHABLE_CODE = YES;
				CLANG_WARN__DUPLICATE_METHOD_MATCH = YES;
				COPY_PHASE_STRIP = NO;
				DEBUG_INFORMATION_FORMAT = "dwarf-with-dsym";
				ENABLE_NS_ASSERTIONS = NO;
				ENABLE_STRICT_OBJC_MSGSEND = YES;
				GCC_C_LANGUAGE_STANDARD = gnu11;
				GCC_NO_COMMON_BLOCKS = YES;
				GCC_WARN_64_TO_32_BIT_CONVERSION = YES;
				GCC_WARN_ABOUT_RETURN_TYPE = YES_ERROR;
				GCC_WARN_UNDECLARED_SELECTOR = YES;
				GCC_WARN_UNINITIALIZED_AUTOS = YES_AGGRESSIVE;
				GCC_WARN_UNUSED_FUNCTION = YES;
				GCC_WARN_UNUSED_VARIABLE = YES;
				IPHONEOS_DEPLOYMENT_TARGET = 16.4;
				MTL_ENABLE_DEBUG_INFO = NO;
				MTL_FAST_MATH = YES;
				SDKROOT = iphoneos;
				SWIFT_COMPILATION_MODE = wholemodule;
				SWIFT_OPTIMIZATION_LEVEL = "-O";
				VALIDATE_PRODUCT = YES;
			};
			name = Release;
		};
		00CE79E92A5136B3009CA570 /* Debug */ = {
			isa = XCBuildConfiguration;
			buildSettings = {
				ASSETCATALOG_COMPILER_APPICON_NAME = AppIcon;
				ASSETCATALOG_COMPILER_GLOBAL_ACCENT_COLOR_NAME = AccentColor;
				CODE_SIGN_STYLE = Automatic;
				CURRENT_PROJECT_VERSION = 1;
				DEVELOPMENT_ASSET_PATHS = "\"SquareUp/Preview Content\"";
				DEVELOPMENT_TEAM = 85Q84CPFAN;
				ENABLE_PREVIEWS = YES;
				GENERATE_INFOPLIST_FILE = YES;
				INFOPLIST_KEY_UIApplicationSceneManifest_Generation = YES;
				INFOPLIST_KEY_UIApplicationSupportsIndirectInputEvents = YES;
				INFOPLIST_KEY_UILaunchScreen_Generation = YES;
				INFOPLIST_KEY_UISupportedInterfaceOrientations_iPad = "UIInterfaceOrientationPortrait UIInterfaceOrientationPortraitUpsideDown UIInterfaceOrientationLandscapeLeft UIInterfaceOrientationLandscapeRight";
				INFOPLIST_KEY_UISupportedInterfaceOrientations_iPhone = "UIInterfaceOrientationPortrait UIInterfaceOrientationLandscapeLeft UIInterfaceOrientationLandscapeRight";
				LD_RUNPATH_SEARCH_PATHS = (
					"$(inherited)",
					"@executable_path/Frameworks",
				);
				MARKETING_VERSION = 1.0;
				PRODUCT_BUNDLE_IDENTIFIER = me.dejajackson.SquareUp;
				PRODUCT_NAME = "$(TARGET_NAME)";
				SWIFT_EMIT_LOC_STRINGS = YES;
				SWIFT_VERSION = 5.0;
				TARGETED_DEVICE_FAMILY = "1,2";
			};
			name = Debug;
		};
		00CE79EA2A5136B3009CA570 /* Release */ = {
			isa = XCBuildConfiguration;
			buildSettings = {
				ASSETCATALOG_COMPILER_APPICON_NAME = AppIcon;
				ASSETCATALOG_COMPILER_GLOBAL_ACCENT_COLOR_NAME = AccentColor;
				CODE_SIGN_STYLE = Automatic;
				CURRENT_PROJECT_VERSION = 1;
				DEVELOPMENT_ASSET_PATHS = "\"SquareUp/Preview Content\"";
				DEVELOPMENT_TEAM = 85Q84CPFAN;
				ENABLE_PREVIEWS = YES;
				GENERATE_INFOPLIST_FILE = YES;
				INFOPLIST_KEY_UIApplicationSceneManifest_Generation = YES;
				INFOPLIST_KEY_UIApplicationSupportsIndirectInputEvents = YES;
				INFOPLIST_KEY_UILaunchScreen_Generation = YES;
				INFOPLIST_KEY_UISupportedInterfaceOrientations_iPad = "UIInterfaceOrientationPortrait UIInterfaceOrientationPortraitUpsideDown UIInterfaceOrientationLandscapeLeft UIInterfaceOrientationLandscapeRight";
				INFOPLIST_KEY_UISupportedInterfaceOrientations_iPhone = "UIInterfaceOrientationPortrait UIInterfaceOrientationLandscapeLeft UIInterfaceOrientationLandscapeRight";
				LD_RUNPATH_SEARCH_PATHS = (
					"$(inherited)",
					"@executable_path/Frameworks",
				);
				MARKETING_VERSION = 1.0;
				PRODUCT_BUNDLE_IDENTIFIER = me.dejajackson.SquareUp;
				PRODUCT_NAME = "$(TARGET_NAME)";
				SWIFT_EMIT_LOC_STRINGS = YES;
				SWIFT_VERSION = 5.0;
				TARGETED_DEVICE_FAMILY = "1,2";
			};
			name = Release;
		};
/* End XCBuildConfiguration section */

/* Begin XCConfigurationList section */
		00CE79CF2A5136B2009CA570 /* Build configuration list for PBXProject "SquareUp" */ = {
			isa = XCConfigurationList;
			buildConfigurations = (
				00CE79E62A5136B3009CA570 /* Debug */,
				00CE79E72A5136B3009CA570 /* Release */,
			);
			defaultConfigurationIsVisible = 0;
			defaultConfigurationName = Release;
		};
		00CE79E82A5136B3009CA570 /* Build configuration list for PBXNativeTarget "SquareUp" */ = {
			isa = XCConfigurationList;
			buildConfigurations = (
				00CE79E92A5136B3009CA570 /* Debug */,
				00CE79EA2A5136B3009CA570 /* Release */,
			);
			defaultConfigurationIsVisible = 0;
			defaultConfigurationName = Release;
		};
/* End XCConfigurationList section */

/* Begin XCVersionGroup section */
		00CE79E22A5136B3009CA570 /* SquareUp.xcdatamodeld */ = {
			isa = XCVersionGroup;
			children = (
				00CE79E32A5136B3009CA570 /* SquareUp.xcdatamodel */,
			);
			currentVersion = 00CE79E32A5136B3009CA570 /* SquareUp.xcdatamodel */;
			path = SquareUp.xcdatamodeld;
			sourceTree = "<group>";
			versionGroupType = wrapper.xcdatamodel;
		};
/* End XCVersionGroup section */
	};
	rootObject = 00CE79CC2A5136B2009CA570 /* Project object */;
}
